
Microsoft Visual Studio Solution File, Format Version 12.00
# Visual Studio Version 16
VisualStudioVersion = 16.0.31129.286
MinimumVisualStudioVersion = 10.0.40219.1
Project("{8BC9CEB8-8B4A-11D0-8D11-00A0C91BC942}") = "EquivalenceGroups", "EquivalenceGroups\EquivalenceGroups.vcxproj", "{05B816A7-8835-4346-8393-842EDCB7E63E}"
EndProject
Project("{8BC9CEB8-8B4A-11D0-8D11-00A0C91BC942}") = "DifferentialEquation", "DifferentialEquation\DifferentialEquation.vcxproj", "{D0F0B614-B75B-4233-97A0-38A8E695FCED}"
EndProject
Project("{8BC9CEB8-8B4A-11D0-8D11-00A0C91BC942}") = "FileNamesInSubtree", "FileNamesInSubtree\FileNamesInSubtree.vcxproj", "{5790D36F-6E19-4584-94FC-C05DA971A9E8}"
EndProject
Project("{8BC9CEB8-8B4A-11D0-8D11-00A0C91BC942}") = "InversedMatrix", "InversedMatrix\InversedMatrix.vcxproj", "{FD9C28E0-7998-4E59-9D9A-00F05DFFD702}"
EndProject
Project("{8BC9CEB8-8B4A-11D0-8D11-00A0C91BC942}") = "MatrixSLAE", "MatrixSLAE\MatrixSLAE.vcxproj", "{30E1280C-32A8-4459-BA72-5EB3E3B77CF1}"
EndProject
Global
	GlobalSection(SolutionConfigurationPlatforms) = preSolution
		Debug|x64 = Debug|x64
		Debug|x86 = Debug|x86
		Release|x64 = Release|x64
		Release|x86 = Release|x86
	EndGlobalSection
	GlobalSection(ProjectConfigurationPlatforms) = postSolution
		{05B816A7-8835-4346-8393-842EDCB7E63E}.Debug|x64.ActiveCfg = Debug|x64
		{05B816A7-8835-4346-8393-842EDCB7E63E}.Debug|x64.Build.0 = Debug|x64
		{05B816A7-8835-4346-8393-842EDCB7E63E}.Debug|x86.ActiveCfg = Debug|Win32
		{05B816A7-8835-4346-8393-842EDCB7E63E}.Debug|x86.Build.0 = Debug|Win32
		{05B816A7-8835-4346-8393-842EDCB7E63E}.Release|x64.ActiveCfg = Release|x64
		{05B816A7-8835-4346-8393-842EDCB7E63E}.Release|x64.Build.0 = Release|x64
		{05B816A7-8835-4346-8393-842EDCB7E63E}.Release|x86.ActiveCfg = Release|Win32
		{05B816A7-8835-4346-8393-842EDCB7E63E}.Release|x86.Build.0 = Release|Win32
		{D0F0B614-B75B-4233-97A0-38A8E695FCED}.Debug|x64.ActiveCfg = Debug|x64
		{D0F0B614-B75B-4233-97A0-38A8E695FCED}.Debug|x64.Build.0 = Debug|x64
		{D0F0B614-B75B-4233-97A0-38A8E695FCED}.Debug|x86.ActiveCfg = Debug|Win32
		{D0F0B614-B75B-4233-97A0-38A8E695FCED}.Debug|x86.Build.0 = Debug|Win32
		{D0F0B614-B75B-4233-97A0-38A8E695FCED}.Release|x64.ActiveCfg = Release|x64
		{D0F0B614-B75B-4233-97A0-38A8E695FCED}.Release|x64.Build.0 = Release|x64
		{D0F0B614-B75B-4233-97A0-38A8E695FCED}.Release|x86.ActiveCfg = Release|Win32
		{D0F0B614-B75B-4233-97A0-38A8E695FCED}.Release|x86.Build.0 = Release|Win32
		{5790D36F-6E19-4584-94FC-C05DA971A9E8}.Debug|x64.ActiveCfg = Debug|x64
		{5790D36F-6E19-4584-94FC-C05DA971A9E8}.Debug|x64.Build.0 = Debug|x64
		{5790D36F-6E19-4584-94FC-C05DA971A9E8}.Debug|x86.ActiveCfg = Debug|Win32
		{5790D36F-6E19-4584-94FC-C05DA971A9E8}.Debug|x86.Build.0 = Debug|Win32
		{5790D36F-6E19-4584-94FC-C05DA971A9E8}.Release|x64.ActiveCfg = Release|x64
		{5790D36F-6E19-4584-94FC-C05DA971A9E8}.Release|x64.Build.0 = Release|x64
		{5790D36F-6E19-4584-94FC-C05DA971A9E8}.Release|x86.ActiveCfg = Release|Win32
		{5790D36F-6E19-4584-94FC-C05DA971A9E8}.Release|x86.Build.0 = Release|Win32
		{FD9C28E0-7998-4E59-9D9A-00F05DFFD702}.Debug|x64.ActiveCfg = Debug|x64
		{FD9C28E0-7998-4E59-9D9A-00F05DFFD702}.Debug|x64.Build.0 = Debug|x64
		{FD9C28E0-7998-4E59-9D9A-00F05DFFD702}.Debug|x86.ActiveCfg = Debug|Win32
		{FD9C28E0-7998-4E59-9D9A-00F05DFFD702}.Debug|x86.Build.0 = Debug|Win32
		{FD9C28E0-7998-4E59-9D9A-00F05DFFD702}.Release|x64.ActiveCfg = Release|x64
		{FD9C28E0-7998-4E59-9D9A-00F05DFFD702}.Release|x64.Build.0 = Release|x64
		{FD9C28E0-7998-4E59-9D9A-00F05DFFD702}.Release|x86.ActiveCfg = Release|Win32
		{FD9C28E0-7998-4E59-9D9A-00F05DFFD702}.Release|x86.Build.0 = Release|Win32
		{30E1280C-32A8-4459-BA72-5EB3E3B77CF1}.Debug|x64.ActiveCfg = Debug|x64
		{30E1280C-32A8-4459-BA72-5EB3E3B77CF1}.Debug|x64.Build.0 = Debug|x64
		{30E1280C-32A8-4459-BA72-5EB3E3B77CF1}.Debug|x86.ActiveCfg = Debug|Win32
		{30E1280C-32A8-4459-BA72-5EB3E3B77CF1}.Debug|x86.Build.0 = Debug|Win32
		{30E1280C-32A8-4459-BA72-5EB3E3B77CF1}.Release|x64.ActiveCfg = Release|x64
		{30E1280C-32A8-4459-BA72-5EB3E3B77CF1}.Release|x64.Build.0 = Release|x64
		{30E1280C-32A8-4459-BA72-5EB3E3B77CF1}.Release|x86.ActiveCfg = Release|Win32
		{30E1280C-32A8-4459-BA72-5EB3E3B77CF1}.Release|x86.Build.0 = Release|Win32
	EndGlobalSection
	GlobalSection(SolutionProperties) = preSolution
		HideSolutionNode = FALSE
	EndGlobalSection
	GlobalSection(ExtensibilityGlobals) = postSolution
		SolutionGuid = {612236C3-0FC1-499C-A05F-EB7F42F1AB16}
	EndGlobalSection
EndGlobal
